
Microsoft Visual Studio Solution File, Format Version 12.00
# Visual Studio Version 17
VisualStudioVersion = 17.10.35013.160
MinimumVisualStudioVersion = 10.0.40219.1
Project("{9A19103F-16F7-4668-BE54-9A1E7A4F7556}") = "VendinhaConsole", "VendinhaConsole\VendinhaConsole.csproj", "{BB76E793-3A36-41A0-B756-2C60A85CCB7F}"
EndProject
Project("{FAE04EC0-301F-11D3-BF4B-00C04F79EFBC}") = "Vendinha.Api", "Vendinha.Api\Vendinha.Api.csproj", "{498FE107-2035-4A65-9751-B53AB17D5718}"
EndProject
Global
	GlobalSection(SolutionConfigurationPlatforms) = preSolution
		Debug|Any CPU = Debug|Any CPU
		Release|Any CPU = Release|Any CPU
	EndGlobalSection
	GlobalSection(ProjectConfigurationPlatforms) = postSolution
		{BB76E793-3A36-41A0-B756-2C60A85CCB7F}.Debug|Any CPU.ActiveCfg = Debug|Any CPU
		{BB76E793-3A36-41A0-B756-2C60A85CCB7F}.Debug|Any CPU.Build.0 = Debug|Any CPU
		{BB76E793-3A36-41A0-B756-2C60A85CCB7F}.Release|Any CPU.ActiveCfg = Release|Any CPU
		{BB76E793-3A36-41A0-B756-2C60A85CCB7F}.Release|Any CPU.Build.0 = Release|Any CPU
		{498FE107-2035-4A65-9751-B53AB17D5718}.Debug|Any CPU.ActiveCfg = Debug|Any CPU
		{498FE107-2035-4A65-9751-B53AB17D5718}.Debug|Any CPU.Build.0 = Debug|Any CPU
		{498FE107-2035-4A65-9751-B53AB17D5718}.Release|Any CPU.ActiveCfg = Release|Any CPU
		{498FE107-2035-4A65-9751-B53AB17D5718}.Release|Any CPU.Build.0 = Release|Any CPU
	EndGlobalSection
	GlobalSection(SolutionProperties) = preSolution
		HideSolutionNode = FALSE
	EndGlobalSection
	GlobalSection(ExtensibilityGlobals) = postSolution
		SolutionGuid = {76EF95FF-AFEF-4D7E-BAC1-C1F7ADE09412}
	EndGlobalSection
EndGlobal
